# This file is automatically @generated by Cargo.
# It is not intended for manual editing.
[[package]]
name = "pest"
version = "2.1.1"
source = "registry+https://github.com/rust-lang/crates.io-index"
dependencies = [
 "ucd-trie 0.1.2 (registry+https://github.com/rust-lang/crates.io-index)",
]

[[package]]
name = "segment"
version = "0.1.0"
dependencies = [
 "pest 2.1.1 (registry+https://github.com/rust-lang/crates.io-index)",
]

[[package]]
name = "ucd-trie"
version = "0.1.2"
source = "registry+https://github.com/rust-lang/crates.io-index"

[metadata]
"checksum pest 2.1.1 (registry+https://github.com/rust-lang/crates.io-index)" = "933085deae3f32071f135d799d75667b63c8dc1f4537159756e3d4ceab41868c"
"checksum ucd-trie 0.1.2 (registry+https://github.com/rust-lang/crates.io-index)" = "8f00ed7be0c1ff1e24f46c3d2af4859f7e863672ba3a6e92e7cff702bf9f06c2"
